
Microsoft Visual Studio Solution File, Format Version 12.00
# Visual Studio 15
VisualStudioVersion = 15.0.27428.1
MinimumVisualStudioVersion = 10.0.40219.1
Project("{8BC9CEB8-8B4A-11D0-8D11-00A0C91BC942}") = "factoryPattern", "factoryPattern.vcxproj", "{F6D718EA-0277-43BB-ABA5-80850557009A}"
EndProject
Global
	GlobalSection(SolutionConfigurationPlatforms) = preSolution
		Debug|x64 = Debug|x64
		Debug|x86 = Debug|x86
		Release|x64 = Release|x64
		Release|x86 = Release|x86
	EndGlobalSection
	GlobalSection(ProjectConfigurationPlatforms) = postSolution
		{F6D718EA-0277-43BB-ABA5-80850557009A}.Debug|x64.ActiveCfg = Debug|x64
		{F6D718EA-0277-43BB-ABA5-80850557009A}.Debug|x64.Build.0 = Debug|x64
		{F6D718EA-0277-43BB-ABA5-80850557009A}.Debug|x86.ActiveCfg = Debug|Win32
		{F6D718EA-0277-43BB-ABA5-80850557009A}.Debug|x86.Build.0 = Debug|Win32
		{F6D718EA-0277-43BB-ABA5-80850557009A}.Release|x64.ActiveCfg = Release|x64
		{F6D718EA-0277-43BB-ABA5-80850557009A}.Release|x64.Build.0 = Release|x64
		{F6D718EA-0277-43BB-ABA5-80850557009A}.Release|x86.ActiveCfg = Release|Win32
		{F6D718EA-0277-43BB-ABA5-80850557009A}.Release|x86.Build.0 = Release|Win32
	EndGlobalSection
	GlobalSection(SolutionProperties) = preSolution
		HideSolutionNode = FALSE
	EndGlobalSection
	GlobalSection(ExtensibilityGlobals) = postSolution
		SolutionGuid = {B0B14DAF-C2A6-4D36-BB3B-00D3C1680117}
	EndGlobalSection
EndGlobal
