
Microsoft Visual Studio Solution File, Format Version 12.00
# Visual Studio 15
VisualStudioVersion = 15.0.27703.2035
MinimumVisualStudioVersion = 10.0.40219.1
Project("{8BC9CEB8-8B4A-11D0-8D11-00A0C91BC942}") = "ConcurrencyProject", "ConcurrencyProject.vcxproj", "{EEEEB562-FF29-46C9-B57F-DFABA2404B53}"
EndProject
Global
	GlobalSection(SolutionConfigurationPlatforms) = preSolution
		Debug|x64 = Debug|x64
		Debug|x86 = Debug|x86
		Release|x64 = Release|x64
		Release|x86 = Release|x86
	EndGlobalSection
	GlobalSection(ProjectConfigurationPlatforms) = postSolution
		{EEEEB562-FF29-46C9-B57F-DFABA2404B53}.Debug|x64.ActiveCfg = Debug|x64
		{EEEEB562-FF29-46C9-B57F-DFABA2404B53}.Debug|x64.Build.0 = Debug|x64
		{EEEEB562-FF29-46C9-B57F-DFABA2404B53}.Debug|x86.ActiveCfg = Debug|Win32
		{EEEEB562-FF29-46C9-B57F-DFABA2404B53}.Debug|x86.Build.0 = Debug|Win32
		{EEEEB562-FF29-46C9-B57F-DFABA2404B53}.Release|x64.ActiveCfg = Release|x64
		{EEEEB562-FF29-46C9-B57F-DFABA2404B53}.Release|x64.Build.0 = Release|x64
		{EEEEB562-FF29-46C9-B57F-DFABA2404B53}.Release|x86.ActiveCfg = Release|Win32
		{EEEEB562-FF29-46C9-B57F-DFABA2404B53}.Release|x86.Build.0 = Release|Win32
	EndGlobalSection
	GlobalSection(SolutionProperties) = preSolution
		HideSolutionNode = FALSE
	EndGlobalSection
	GlobalSection(ExtensibilityGlobals) = postSolution
		SolutionGuid = {C61FD1B5-DD2F-49F5-A59F-9F0F572FECD7}
	EndGlobalSection
EndGlobal
